
Microsoft Visual Studio Solution File, Format Version 12.00
# Visual Studio 2013
VisualStudioVersion = 12.0.30324.0
MinimumVisualStudioVersion = 10.0.40219.1
Project("{F2A71F9B-5D33-465A-A702-920D77279786}") = "Neo4j.FSharp", "Neo4j.FSharp\Neo4j.FSharp.fsproj", "{434F43E3-AFBE-4911-AC60-E7A64546E963}"
EndProject
Global
	GlobalSection(SolutionConfigurationPlatforms) = preSolution
		Debug|Any CPU = Debug|Any CPU
		Release|Any CPU = Release|Any CPU
	EndGlobalSection
	GlobalSection(ProjectConfigurationPlatforms) = postSolution
		{434F43E3-AFBE-4911-AC60-E7A64546E963}.Debug|Any CPU.ActiveCfg = Debug|Any CPU
		{434F43E3-AFBE-4911-AC60-E7A64546E963}.Debug|Any CPU.Build.0 = Debug|Any CPU
		{434F43E3-AFBE-4911-AC60-E7A64546E963}.Release|Any CPU.ActiveCfg = Release|Any CPU
		{434F43E3-AFBE-4911-AC60-E7A64546E963}.Release|Any CPU.Build.0 = Release|Any CPU
	EndGlobalSection
	GlobalSection(SolutionProperties) = preSolution
		HideSolutionNode = FALSE
	EndGlobalSection
EndGlobal
